
Microsoft Visual Studio Solution File, Format Version 12.00
# Visual Studio 14
VisualStudioVersion = 14.0.25420.1
MinimumVisualStudioVersion = 10.0.40219.1
Project("{FAE04EC0-301F-11D3-BF4B-00C04F79EFBC}") = "BMW.Frameworks", "BMW.Frameworks\BMW.Frameworks.csproj", "{A8D03CE5-5C7A-4E47-86C0-2CAE407CD523}"
EndProject
Project("{FAE04EC0-301F-11D3-BF4B-00C04F79EFBC}") = "BMW.Repository", "BMW.Repository\BMW.Repository.csproj", "{C53F3297-F5F2-4FBC-AA7A-149F2C018A50}"
EndProject
Global
	GlobalSection(SolutionConfigurationPlatforms) = preSolution
		Debug|Any CPU = Debug|Any CPU
		Release|Any CPU = Release|Any CPU
	EndGlobalSection
	GlobalSection(ProjectConfigurationPlatforms) = postSolution
		{A8D03CE5-5C7A-4E47-86C0-2CAE407CD523}.Debug|Any CPU.ActiveCfg = Debug|Any CPU
		{A8D03CE5-5C7A-4E47-86C0-2CAE407CD523}.Debug|Any CPU.Build.0 = Debug|Any CPU
		{A8D03CE5-5C7A-4E47-86C0-2CAE407CD523}.Release|Any CPU.ActiveCfg = Release|Any CPU
		{A8D03CE5-5C7A-4E47-86C0-2CAE407CD523}.Release|Any CPU.Build.0 = Release|Any CPU
		{C53F3297-F5F2-4FBC-AA7A-149F2C018A50}.Debug|Any CPU.ActiveCfg = Debug|Any CPU
		{C53F3297-F5F2-4FBC-AA7A-149F2C018A50}.Debug|Any CPU.Build.0 = Debug|Any CPU
		{C53F3297-F5F2-4FBC-AA7A-149F2C018A50}.Release|Any CPU.ActiveCfg = Release|Any CPU
		{C53F3297-F5F2-4FBC-AA7A-149F2C018A50}.Release|Any CPU.Build.0 = Release|Any CPU
	EndGlobalSection
	GlobalSection(SolutionProperties) = preSolution
		HideSolutionNode = FALSE
	EndGlobalSection
EndGlobal
